
Microsoft Visual Studio Solution File, Format Version 12.00
# Visual Studio Version 17
VisualStudioVersion = 17.8.34309.116
MinimumVisualStudioVersion = 10.0.40219.1
Project("{FAE04EC0-301F-11D3-BF4B-00C04F79EFBC}") = "Lista10", "Lista10\Lista10.csproj", "{A7106365-997B-4807-BAA0-FF0BF2B615A2}"
EndProject
Global
	GlobalSection(SolutionConfigurationPlatforms) = preSolution
		Debug|Any CPU = Debug|Any CPU
		Release|Any CPU = Release|Any CPU
	EndGlobalSection
	GlobalSection(ProjectConfigurationPlatforms) = postSolution
		{A7106365-997B-4807-BAA0-FF0BF2B615A2}.Debug|Any CPU.ActiveCfg = Debug|Any CPU
		{A7106365-997B-4807-BAA0-FF0BF2B615A2}.Debug|Any CPU.Build.0 = Debug|Any CPU
		{A7106365-997B-4807-BAA0-FF0BF2B615A2}.Release|Any CPU.ActiveCfg = Release|Any CPU
		{A7106365-997B-4807-BAA0-FF0BF2B615A2}.Release|Any CPU.Build.0 = Release|Any CPU
	EndGlobalSection
	GlobalSection(SolutionProperties) = preSolution
		HideSolutionNode = FALSE
	EndGlobalSection
	GlobalSection(ExtensibilityGlobals) = postSolution
		SolutionGuid = {698292B5-F4A3-4FF7-AAE4-A7B9D539B34E}
	EndGlobalSection
EndGlobal
